
Microsoft Visual Studio Solution File, Format Version 12.00
# Visual Studio 15
VisualStudioVersion = 15.0.28307.106
MinimumVisualStudioVersion = 10.0.40219.1
Project("{FAE04EC0-301F-11D3-BF4B-00C04F79EFBC}") = "Meiswinkel.CosmosDB.CostWatchdog", "Meiswinkel.CosmosDB.CostWatchdog\Meiswinkel.CosmosDB.CostWatchdog.csproj", "{2ACA5486-C2BB-4B0C-97FE-0562E89CDB30}"
EndProject
Project("{FAE04EC0-301F-11D3-BF4B-00C04F79EFBC}") = "TestDummy", "TestDummy\TestDummy.csproj", "{43034C46-10CD-4C65-9A40-A49274F72A02}"
EndProject
Global
	GlobalSection(SolutionConfigurationPlatforms) = preSolution
		Debug|Any CPU = Debug|Any CPU
		Release|Any CPU = Release|Any CPU
	EndGlobalSection
	GlobalSection(ProjectConfigurationPlatforms) = postSolution
		{2ACA5486-C2BB-4B0C-97FE-0562E89CDB30}.Debug|Any CPU.ActiveCfg = Debug|Any CPU
		{2ACA5486-C2BB-4B0C-97FE-0562E89CDB30}.Debug|Any CPU.Build.0 = Debug|Any CPU
		{2ACA5486-C2BB-4B0C-97FE-0562E89CDB30}.Release|Any CPU.ActiveCfg = Release|Any CPU
		{2ACA5486-C2BB-4B0C-97FE-0562E89CDB30}.Release|Any CPU.Build.0 = Release|Any CPU
		{43034C46-10CD-4C65-9A40-A49274F72A02}.Debug|Any CPU.ActiveCfg = Debug|Any CPU
		{43034C46-10CD-4C65-9A40-A49274F72A02}.Debug|Any CPU.Build.0 = Debug|Any CPU
		{43034C46-10CD-4C65-9A40-A49274F72A02}.Release|Any CPU.ActiveCfg = Release|Any CPU
		{43034C46-10CD-4C65-9A40-A49274F72A02}.Release|Any CPU.Build.0 = Release|Any CPU
	EndGlobalSection
	GlobalSection(SolutionProperties) = preSolution
		HideSolutionNode = FALSE
	EndGlobalSection
	GlobalSection(ExtensibilityGlobals) = postSolution
		SolutionGuid = {A5D95C86-A2BC-429A-AFA8-A3081DCD274E}
	EndGlobalSection
EndGlobal
